// !$*UTF8*$!
{
	archiveVersion = 1;
	classes = {
	};
	objectVersion = 50;
	objects = {

/* Begin PBXBuildFile section */
		DAB908E521E2E0AC002D2C4D /* AppDelegate.swift in Sources */ = {isa = PBXBuildFile; fileRef = DAB908E421E2E0AC002D2C4D /* AppDelegate.swift */; };
		DAB908E721E2E0AC002D2C4D /* ViewController.swift in Sources */ = {isa = PBXBuildFile; fileRef = DAB908E621E2E0AC002D2C4D /* ViewController.swift */; };
		DAB908EA21E2E0AC002D2C4D /* Main.storyboard in Resources */ = {isa = PBXBuildFile; fileRef = DAB908E821E2E0AC002D2C4D /* Main.storyboard */; };
		DAB908EC21E2E0AE002D2C4D /* Assets.xcassets in Resources */ = {isa = PBXBuildFile; fileRef = DAB908EB21E2E0AE002D2C4D /* Assets.xcassets */; };
		DAB908EF21E2E0AE002D2C4D /* LaunchScreen.storyboard in Resources */ = {isa = PBXBuildFile; fileRef = DAB908ED21E2E0AE002D2C4D /* LaunchScreen.storyboard */; };
		DAB908F821E2E146002D2C4D /* CustomNavigationController.swift in Sources */ = {isa = PBXBuildFile; fileRef = DAB908F721E2E146002D2C4D /* CustomNavigationController.swift */; };
		DAB908FA21E2E222002D2C4D /* CustomPrecentDrivenInteractiveTransition.swift in Sources */ = {isa = PBXBuildFile; fileRef = DAB908F921E2E222002D2C4D /* CustomPrecentDrivenInteractiveTransition.swift */; };
/* End PBXBuildFile section */

/* Begin PBXFileReference section */
		DAB908E121E2E0AC002D2C4D /* TransitionAnimationSample.app */ = {isa = PBXFileReference; explicitFileType = wrapper.application; includeInIndex = 0; path = TransitionAnimationSample.app; sourceTree = BUILT_PRODUCTS_DIR; };
		DAB908E421E2E0AC002D2C4D /* AppDelegate.swift */ = {isa = PBXFileReference; lastKnownFileType = sourcecode.swift; path = AppDelegate.swift; sourceTree = "<group>"; };
		DAB908E621E2E0AC002D2C4D /* ViewController.swift */ = {isa = PBXFileReference; lastKnownFileType = sourcecode.swift; path = ViewController.swift; sourceTree = "<group>"; };
		DAB908E921E2E0AC002D2C4D /* Base */ = {isa = PBXFileReference; lastKnownFileType = file.storyboard; name = Base; path = Base.lproj/Main.storyboard; sourceTree = "<group>"; };
		DAB908EB21E2E0AE002D2C4D /* Assets.xcassets */ = {isa = PBXFileReference; lastKnownFileType = folder.assetcatalog; path = Assets.xcassets; sourceTree = "<group>"; };
		DAB908EE21E2E0AE002D2C4D /* Base */ = {isa = PBXFileReference; lastKnownFileType = file.storyboard; name = Base; path = Base.lproj/LaunchScreen.storyboard; sourceTree = "<group>"; };
		DAB908F021E2E0AE002D2C4D /* Info.plist */ = {isa = PBXFileReference; lastKnownFileType = text.plist.xml; path = Info.plist; sourceTree = "<group>"; };
		DAB908F721E2E146002D2C4D /* CustomNavigationController.swift */ = {isa = PBXFileReference; lastKnownFileType = sourcecode.swift; path = CustomNavigationController.swift; sourceTree = "<group>"; };
		DAB908F921E2E222002D2C4D /* CustomPrecentDrivenInteractiveTransition.swift */ = {isa = PBXFileReference; lastKnownFileType = sourcecode.swift; path = CustomPrecentDrivenInteractiveTransition.swift; sourceTree = "<group>"; };
/* End PBXFileReference section */

/* Begin PBXFrameworksBuildPhase section */
		DAB908DE21E2E0AC002D2C4D /* Frameworks */ = {
			isa = PBXFrameworksBuildPhase;
			buildActionMask = 2147483647;
			files = (
			);
			runOnlyForDeploymentPostprocessing = 0;
		};
/* End PBXFrameworksBuildPhase section */

/* Begin PBXGroup section */
		DAB908D821E2E0AC002D2C4D = {
			isa = PBXGroup;
			children = (
				DAB908E321E2E0AC002D2C4D /* TransitionAnimationSample */,
				DAB908E221E2E0AC002D2C4D /* Products */,
			);
			sourceTree = "<group>";
		};
		DAB908E221E2E0AC002D2C4D /* Products */ = {
			isa = PBXGroup;
			children = (
				DAB908E121E2E0AC002D2C4D /* TransitionAnimationSample.app */,
			);
			name = Products;
			sourceTree = "<group>";
		};
		DAB908E321E2E0AC002D2C4D /* TransitionAnimationSample */ = {
			isa = PBXGroup;
			children = (
				DAB908F621E2E12A002D2C4D /* create */,
				DAB908E421E2E0AC002D2C4D /* AppDelegate.swift */,
				DAB908E621E2E0AC002D2C4D /* ViewController.swift */,
				DAB908E821E2E0AC002D2C4D /* Main.storyboard */,
				DAB908EB21E2E0AE002D2C4D /* Assets.xcassets */,
				DAB908ED21E2E0AE002D2C4D /* LaunchScreen.storyboard */,
				DAB908F021E2E0AE002D2C4D /* Info.plist */,
			);
			path = TransitionAnimationSample;
			sourceTree = "<group>";
		};
		DAB908F621E2E12A002D2C4D /* create */ = {
			isa = PBXGroup;
			children = (
				DAB908F721E2E146002D2C4D /* CustomNavigationController.swift */,
				DAB908F921E2E222002D2C4D /* CustomPrecentDrivenInteractiveTransition.swift */,
			);
			path = create;
			sourceTree = "<group>";
		};
/* End PBXGroup section */

/* Begin PBXNativeTarget section */
		DAB908E021E2E0AC002D2C4D /* TransitionAnimationSample */ = {
			isa = PBXNativeTarget;
			buildConfigurationList = DAB908F321E2E0AE002D2C4D /* Build configuration list for PBXNativeTarget "TransitionAnimationSample" */;
			buildPhases = (
				DAB908DD21E2E0AC002D2C4D /* Sources */,
				DAB908DE21E2E0AC002D2C4D /* Frameworks */,
				DAB908DF21E2E0AC002D2C4D /* Resources */,
			);
			buildRules = (
			);
			dependencies = (
			);
			name = TransitionAnimationSample;
			productName = TransitionAnimationSample;
			productReference = DAB908E121E2E0AC002D2C4D /* TransitionAnimationSample.app */;
			productType = "com.apple.product-type.application";
		};
/* End PBXNativeTarget section */

/* Begin PBXProject section */
		DAB908D921E2E0AC002D2C4D /* Project object */ = {
			isa = PBXProject;
			attributes = {
				LastSwiftUpdateCheck = 1010;
				LastUpgradeCheck = 1010;
				ORGANIZATIONNAME = osanai;
				TargetAttributes = {
					DAB908E021E2E0AC002D2C4D = {
						CreatedOnToolsVersion = 10.1;
					};
				};
			};
			buildConfigurationList = DAB908DC21E2E0AC002D2C4D /* Build configuration list for PBXProject "TransitionAnimationSample" */;
			compatibilityVersion = "Xcode 9.3";
			developmentRegion = en;
			hasScannedForEncodings = 0;
			knownRegions = (
				en,
				Base,
			);
			mainGroup = DAB908D821E2E0AC002D2C4D;
			productRefGroup = DAB908E221E2E0AC002D2C4D /* Products */;
			projectDirPath = "";
			projectRoot = "";
			targets = (
				DAB908E021E2E0AC002D2C4D /* TransitionAnimationSample */,
			);
		};
/* End PBXProject section */

/* Begin PBXResourcesBuildPhase section */
		DAB908DF21E2E0AC002D2C4D /* Resources */ = {
			isa = PBXResourcesBuildPhase;
			buildActionMask = 2147483647;
			files = (
				DAB908EF21E2E0AE002D2C4D /* LaunchScreen.storyboard in Resources */,
				DAB908EC21E2E0AE002D2C4D /* Assets.xcassets in Resources */,
				DAB908EA21E2E0AC002D2C4D /* Main.storyboard in Resources */,
			);
			runOnlyForDeploymentPostprocessing = 0;
		};
/* End PBXResourcesBuildPhase section */

/* Begin PBXSourcesBuildPhase section */
		DAB908DD21E2E0AC002D2C4D /* Sources */ = {
			isa = PBXSourcesBuildPhase;
			buildActionMask = 2147483647;
			files = (
				DAB908F821E2E146002D2C4D /* CustomNavigationController.swift in Sources */,
				DAB908E721E2E0AC002D2C4D /* ViewController.swift in Sources */,
				DAB908FA21E2E222002D2C4D /* CustomPrecentDrivenInteractiveTransition.swift in Sources */,
				DAB908E521E2E0AC002D2C4D /* AppDelegate.swift in Sources */,
			);
			runOnlyForDeploymentPostprocessing = 0;
		};
/* End PBXSourcesBuildPhase section */

/* Begin PBXVariantGroup section */
		DAB908E821E2E0AC002D2C4D /* Main.storyboard */ = {
			isa = PBXVariantGroup;
			children = (
				DAB908E921E2E0AC002D2C4D /* Base */,
			);
			name = Main.storyboard;
			sourceTree = "<group>";
		};
		DAB908ED21E2E0AE002D2C4D /* LaunchScreen.storyboard */ = {
			isa = PBXVariantGroup;
			children = (
				DAB908EE21E2E0AE002D2C4D /* Base */,
			);
			name = LaunchScreen.storyboard;
			sourceTree = "<group>";
		};
/* End PBXVariantGroup section */

/* Begin XCBuildConfiguration section */
		DAB908F121E2E0AE002D2C4D /* Debug */ = {
			isa = XCBuildConfiguration;
			buildSettings = {
				ALWAYS_SEARCH_USER_PATHS = NO;
				CLANG_ANALYZER_NONNULL = YES;
				CLANG_ANALYZER_NUMBER_OBJECT_CONVERSION = YES_AGGRESSIVE;
				CLANG_CXX_LANGUAGE_STANDARD = "gnu++14";
				CLANG_CXX_LIBRARY = "libc++";
				CLANG_ENABLE_MODULES = YES;
				CLANG_ENABLE_OBJC_ARC = YES;
				CLANG_ENABLE_OBJC_WEAK = YES;
				CLANG_WARN_BLOCK_CAPTURE_AUTORELEASING = YES;
				CLANG_WARN_BOOL_CONVERSION = YES;
				CLANG_WARN_COMMA = YES;
				CLANG_WARN_CONSTANT_CONVERSION = YES;
				CLANG_WARN_DEPRECATED_OBJC_IMPLEMENTATIONS = YES;
				CLANG_WARN_DIRECT_OBJC_ISA_USAGE = YES_ERROR;
				CLANG_WARN_DOCUMENTATION_COMMENTS = YES;
				CLANG_WARN_EMPTY_BODY = YES;
				CLANG_WARN_ENUM_CONVERSION = YES;
				CLANG_WARN_INFINITE_RECURSION = YES;
				CLANG_WARN_INT_CONVERSION = YES;
				CLANG_WARN_NON_LITERAL_NULL_CONVERSION = YES;
				CLANG_WARN_OBJC_IMPLICIT_RETAIN_SELF = YES;
				CLANG_WARN_OBJC_LITERAL_CONVERSION = YES;
				CLANG_WARN_OBJC_ROOT_CLASS = YES_ERROR;
				CLANG_WARN_RANGE_LOOP_ANALYSIS = YES;
				CLANG_WARN_STRICT_PROTOTYPES = YES;
				CLANG_WARN_SUSPICIOUS_MOVE = YES;
				CLANG_WARN_UNGUARDED_AVAILABILITY = YES_AGGRESSIVE;
				CLANG_WARN_UNREACHABLE_CODE = YES;
				CLANG_WARN__DUPLICATE_METHOD_MATCH = YES;
				CODE_SIGN_IDENTITY = "iPhone Developer";
				COPY_PHASE_STRIP = NO;
				DEBUG_INFORMATION_FORMAT = dwarf;
				ENABLE_STRICT_OBJC_MSGSEND = YES;
				ENABLE_TESTABILITY = YES;
				GCC_C_LANGUAGE_STANDARD = gnu11;
				GCC_DYNAMIC_NO_PIC = NO;
				GCC_NO_COMMON_BLOCKS = YES;
				GCC_OPTIMIZATION_LEVEL = 0;
				GCC_PREPROCESSOR_DEFINITIONS = (
					"DEBUG=1",
					"$(inherited)",
				);
				GCC_WARN_64_TO_32_BIT_CONVERSION = YES;
				GCC_WARN_ABOUT_RETURN_TYPE = YES_ERROR;
				GCC_WARN_UNDECLARED_SELECTOR = YES;
				GCC_WARN_UNINITIALIZED_AUTOS = YES_AGGRESSIVE;
				GCC_WARN_UNUSED_FUNCTION = YES;
				GCC_WARN_UNUSED_VARIABLE = YES;
				IPHONEOS_DEPLOYMENT_TARGET = 12.1;
				MTL_ENABLE_DEBUG_INFO = INCLUDE_SOURCE;
				MTL_FAST_MATH = YES;
				ONLY_ACTIVE_ARCH = YES;
				SDKROOT = iphoneos;
				SWIFT_ACTIVE_COMPILATION_CONDITIONS = DEBUG;
				SWIFT_OPTIMIZATION_LEVEL = "-Onone";
			};
			name = Debug;
		};
		DAB908F221E2E0AE002D2C4D /* Release */ = {
			isa = XCBuildConfiguration;
			buildSettings = {
				ALWAYS_SEARCH_USER_PATHS = NO;
				CLANG_ANALYZER_NONNULL = YES;
				CLANG_ANALYZER_NUMBER_OBJECT_CONVERSION = YES_AGGRESSIVE;
				CLANG_CXX_LANGUAGE_STANDARD = "gnu++14";
				CLANG_CXX_LIBRARY = "libc++";
				CLANG_ENABLE_MODULES = YES;
				CLANG_ENABLE_OBJC_ARC = YES;
				CLANG_ENABLE_OBJC_WEAK = YES;
				CLANG_WARN_BLOCK_CAPTURE_AUTORELEASING = YES;
				CLANG_WARN_BOOL_CONVERSION = YES;
				CLANG_WARN_COMMA = YES;
				CLANG_WARN_CONSTANT_CONVERSION = YES;
				CLANG_WARN_DEPRECATED_OBJC_IMPLEMENTATIONS = YES;
				CLANG_WARN_DIRECT_OBJC_ISA_USAGE = YES_ERROR;
				CLANG_WARN_DOCUMENTATION_COMMENTS = YES;
				CLANG_WARN_EMPTY_BODY = YES;
				CLANG_WARN_ENUM_CONVERSION = YES;
				CLANG_WARN_INFINITE_RECURSION = YES;
				CLANG_WARN_INT_CONVERSION = YES;
				CLANG_WARN_NON_LITERAL_NULL_CONVERSION = YES;
				CLANG_WARN_OBJC_IMPLICIT_RETAIN_SELF = YES;
				CLANG_WARN_OBJC_LITERAL_CONVERSION = YES;
				CLANG_WARN_OBJC_ROOT_CLASS = YES_ERROR;
				CLANG_WARN_RANGE_LOOP_ANALYSIS = YES;
				CLANG_WARN_STRICT_PROTOTYPES = YES;
				CLANG_WARN_SUSPICIOUS_MOVE = YES;
				CLANG_WARN_UNGUARDED_AVAILABILITY = YES_AGGRESSIVE;
				CLANG_WARN_UNREACHABLE_CODE = YES;
				CLANG_WARN__DUPLICATE_METHOD_MATCH = YES;
				CODE_SIGN_IDENTITY = "iPhone Developer";
				COPY_PHASE_STRIP = NO;
				DEBUG_INFORMATION_FORMAT = "dwarf-with-dsym";
				ENABLE_NS_ASSERTIONS = NO;
				ENABLE_STRICT_OBJC_MSGSEND = YES;
				GCC_C_LANGUAGE_STANDARD = gnu11;
				GCC_NO_COMMON_BLOCKS = YES;
				GCC_WARN_64_TO_32_BIT_CONVERSION = YES;
				GCC_WARN_ABOUT_RETURN_TYPE = YES_ERROR;
				GCC_WARN_UNDECLARED_SELECTOR = YES;
				GCC_WARN_UNINITIALIZED_AUTOS = YES_AGGRESSIVE;
				GCC_WARN_UNUSED_FUNCTION = YES;
				GCC_WARN_UNUSED_VARIABLE = YES;
				IPHONEOS_DEPLOYMENT_TARGET = 12.1;
				MTL_ENABLE_DEBUG_INFO = NO;
				MTL_FAST_MATH = YES;
				SDKROOT = iphoneos;
				SWIFT_COMPILATION_MODE = wholemodule;
				SWIFT_OPTIMIZATION_LEVEL = "-O";
				VALIDATE_PRODUCT = YES;
			};
			name = Release;
		};
		DAB908F421E2E0AE002D2C4D /* Debug */ = {
			isa = XCBuildConfiguration;
			buildSettings = {
				ASSETCATALOG_COMPILER_APPICON_NAME = AppIcon;
				CODE_SIGN_STYLE = Automatic;
				DEVELOPMENT_TEAM = U7MW83A3B2;
				INFOPLIST_FILE = TransitionAnimationSample/Info.plist;
				LD_RUNPATH_SEARCH_PATHS = (
					"$(inherited)",
					"@executable_path/Frameworks",
				);
				PRODUCT_BUNDLE_IDENTIFIER = osanai.TransitionAnimationSample;
				PRODUCT_NAME = "$(TARGET_NAME)";
				SWIFT_VERSION = 4.2;
				TARGETED_DEVICE_FAMILY = "1,2";
			};
			name = Debug;
		};
		DAB908F521E2E0AE002D2C4D /* Release */ = {
			isa = XCBuildConfiguration;
			buildSettings = {
				ASSETCATALOG_COMPILER_APPICON_NAME = AppIcon;
				CODE_SIGN_STYLE = Automatic;
				DEVELOPMENT_TEAM = U7MW83A3B2;
				INFOPLIST_FILE = TransitionAnimationSample/Info.plist;
				LD_RUNPATH_SEARCH_PATHS = (
					"$(inherited)",
					"@executable_path/Frameworks",
				);
				PRODUCT_BUNDLE_IDENTIFIER = osanai.TransitionAnimationSample;
				PRODUCT_NAME = "$(TARGET_NAME)";
				SWIFT_VERSION = 4.2;
				TARGETED_DEVICE_FAMILY = "1,2";
			};
			name = Release;
		};
/* End XCBuildConfiguration section */

/* Begin XCConfigurationList section */
		DAB908DC21E2E0AC002D2C4D /* Build configuration list for PBXProject "TransitionAnimationSample" */ = {
			isa = XCConfigurationList;
			buildConfigurations = (
				DAB908F121E2E0AE002D2C4D /* Debug */,
				DAB908F221E2E0AE002D2C4D /* Release */,
			);
			defaultConfigurationIsVisible = 0;
			defaultConfigurationName = Release;
		};
		DAB908F321E2E0AE002D2C4D /* Build configuration list for PBXNativeTarget "TransitionAnimationSample" */ = {
			isa = XCConfigurationList;
			buildConfigurations = (
				DAB908F421E2E0AE002D2C4D /* Debug */,
				DAB908F521E2E0AE002D2C4D /* Release */,
			);
			defaultConfigurationIsVisible = 0;
			defaultConfigurationName = Release;
		};
/* End XCConfigurationList section */
	};
	rootObject = DAB908D921E2E0AC002D2C4D /* Project object */;
}
